
Microsoft Visual Studio Solution File, Format Version 12.00
# Visual Studio Version 16
VisualStudioVersion = 16.0.31005.135
MinimumVisualStudioVersion = 10.0.40219.1
Project("{FAE04EC0-301F-11D3-BF4B-00C04F79EFBC}") = "X_Forms.UWP", "X_Forms\X_Forms.UWP\X_Forms.UWP.csproj", "{11A415F8-66D0-4FBC-9308-E4E5CDC55B92}"
EndProject
Project("{FAE04EC0-301F-11D3-BF4B-00C04F79EFBC}") = "X_Forms.Android", "X_Forms\X_Forms.Android\X_Forms.Android.csproj", "{0C8B2CA5-5A2B-491E-860C-11C60A67F6D5}"
EndProject
Project("{FAE04EC0-301F-11D3-BF4B-00C04F79EFBC}") = "X_Forms.iOS", "X_Forms\X_Forms.iOS\X_Forms.iOS.csproj", "{5A73419E-99E9-43F1-8BCA-440CFE6EE926}"
EndProject
Project("{FAE04EC0-301F-11D3-BF4B-00C04F79EFBC}") = "X_Forms", "X_Forms\X_Forms\X_Forms.csproj", "{75DF9F0A-15C5-407F-8DD3-083E8E1DB49F}"
EndProject
Global
	GlobalSection(SolutionConfigurationPlatforms) = preSolution
		Debug|Any CPU = Debug|Any CPU
		Debug|ARM = Debug|ARM
		Debug|iPhone = Debug|iPhone
		Debug|iPhoneSimulator = Debug|iPhoneSimulator
		Debug|x64 = Debug|x64
		Debug|x86 = Debug|x86
		Release|Any CPU = Release|Any CPU
		Release|ARM = Release|ARM
		Release|iPhone = Release|iPhone
		Release|iPhoneSimulator = Release|iPhoneSimulator
		Release|x64 = Release|x64
		Release|x86 = Release|x86
	EndGlobalSection
	GlobalSection(ProjectConfigurationPlatforms) = postSolution
		{11A415F8-66D0-4FBC-9308-E4E5CDC55B92}.Debug|Any CPU.ActiveCfg = Debug|x86
		{11A415F8-66D0-4FBC-9308-E4E5CDC55B92}.Debug|Any CPU.Build.0 = Debug|x86
		{11A415F8-66D0-4FBC-9308-E4E5CDC55B92}.Debug|Any CPU.Deploy.0 = Debug|x86
		{11A415F8-66D0-4FBC-9308-E4E5CDC55B92}.Debug|ARM.ActiveCfg = Debug|ARM
		{11A415F8-66D0-4FBC-9308-E4E5CDC55B92}.Debug|ARM.Build.0 = Debug|ARM
		{11A415F8-66D0-4FBC-9308-E4E5CDC55B92}.Debug|ARM.Deploy.0 = Debug|ARM
		{11A415F8-66D0-4FBC-9308-E4E5CDC55B92}.Debug|iPhone.ActiveCfg = Debug|x86
		{11A415F8-66D0-4FBC-9308-E4E5CDC55B92}.Debug|iPhone.Build.0 = Debug|x86
		{11A415F8-66D0-4FBC-9308-E4E5CDC55B92}.Debug|iPhone.Deploy.0 = Debug|x86
		{11A415F8-66D0-4FBC-9308-E4E5CDC55B92}.Debug|iPhoneSimulator.ActiveCfg = Debug|x86
		{11A415F8-66D0-4FBC-9308-E4E5CDC55B92}.Debug|iPhoneSimulator.Build.0 = Debug|x86
		{11A415F8-66D0-4FBC-9308-E4E5CDC55B92}.Debug|iPhoneSimulator.Deploy.0 = Debug|x86
		{11A415F8-66D0-4FBC-9308-E4E5CDC55B92}.Debug|x64.ActiveCfg = Debug|x64
		{11A415F8-66D0-4FBC-9308-E4E5CDC55B92}.Debug|x64.Build.0 = Debug|x64
		{11A415F8-66D0-4FBC-9308-E4E5CDC55B92}.Debug|x64.Deploy.0 = Debug|x64
		{11A415F8-66D0-4FBC-9308-E4E5CDC55B92}.Debug|x86.ActiveCfg = Debug|x86
		{11A415F8-66D0-4FBC-9308-E4E5CDC55B92}.Debug|x86.Build.0 = Debug|x86
		{11A415F8-66D0-4FBC-9308-E4E5CDC55B92}.Debug|x86.Deploy.0 = Debug|x86
		{11A415F8-66D0-4FBC-9308-E4E5CDC55B92}.Release|Any CPU.ActiveCfg = Release|x86
		{11A415F8-66D0-4FBC-9308-E4E5CDC55B92}.Release|Any CPU.Build.0 = Release|x86
		{11A415F8-66D0-4FBC-9308-E4E5CDC55B92}.Release|Any CPU.Deploy.0 = Release|x86
		{11A415F8-66D0-4FBC-9308-E4E5CDC55B92}.Release|ARM.ActiveCfg = Release|ARM
		{11A415F8-66D0-4FBC-9308-E4E5CDC55B92}.Release|ARM.Build.0 = Release|ARM
		{11A415F8-66D0-4FBC-9308-E4E5CDC55B92}.Release|ARM.Deploy.0 = Release|ARM
		{11A415F8-66D0-4FBC-9308-E4E5CDC55B92}.Release|iPhone.ActiveCfg = Release|x86
		{11A415F8-66D0-4FBC-9308-E4E5CDC55B92}.Release|iPhone.Build.0 = Release|x86
		{11A415F8-66D0-4FBC-9308-E4E5CDC55B92}.Release|iPhone.Deploy.0 = Release|x86
		{11A415F8-66D0-4FBC-9308-E4E5CDC55B92}.Release|iPhoneSimulator.ActiveCfg = Release|x86
		{11A415F8-66D0-4FBC-9308-E4E5CDC55B92}.Release|iPhoneSimulator.Build.0 = Release|x86
		{11A415F8-66D0-4FBC-9308-E4E5CDC55B92}.Release|iPhoneSimulator.Deploy.0 = Release|x86
		{11A415F8-66D0-4FBC-9308-E4E5CDC55B92}.Release|x64.ActiveCfg = Release|x64
		{11A415F8-66D0-4FBC-9308-E4E5CDC55B92}.Release|x64.Build.0 = Release|x64
		{11A415F8-66D0-4FBC-9308-E4E5CDC55B92}.Release|x64.Deploy.0 = Release|x64
		{11A415F8-66D0-4FBC-9308-E4E5CDC55B92}.Release|x86.ActiveCfg = Release|x86
		{11A415F8-66D0-4FBC-9308-E4E5CDC55B92}.Release|x86.Build.0 = Release|x86
		{11A415F8-66D0-4FBC-9308-E4E5CDC55B92}.Release|x86.Deploy.0 = Release|x86
		{0C8B2CA5-5A2B-491E-860C-11C60A67F6D5}.Debug|Any CPU.ActiveCfg = Debug|Any CPU
		{0C8B2CA5-5A2B-491E-860C-11C60A67F6D5}.Debug|Any CPU.Build.0 = Debug|Any CPU
		{0C8B2CA5-5A2B-491E-860C-11C60A67F6D5}.Debug|Any CPU.Deploy.0 = Debug|Any CPU
		{0C8B2CA5-5A2B-491E-860C-11C60A67F6D5}.Debug|ARM.ActiveCfg = Debug|Any CPU
		{0C8B2CA5-5A2B-491E-860C-11C60A67F6D5}.Debug|ARM.Build.0 = Debug|Any CPU
		{0C8B2CA5-5A2B-491E-860C-11C60A67F6D5}.Debug|ARM.Deploy.0 = Debug|Any CPU
		{0C8B2CA5-5A2B-491E-860C-11C60A67F6D5}.Debug|iPhone.ActiveCfg = Debug|Any CPU
		{0C8B2CA5-5A2B-491E-860C-11C60A67F6D5}.Debug|iPhone.Build.0 = Debug|Any CPU
		{0C8B2CA5-5A2B-491E-860C-11C60A67F6D5}.Debug|iPhone.Deploy.0 = Debug|Any CPU
		{0C8B2CA5-5A2B-491E-860C-11C60A67F6D5}.Debug|iPhoneSimulator.ActiveCfg = Debug|Any CPU
		{0C8B2CA5-5A2B-491E-860C-11C60A67F6D5}.Debug|iPhoneSimulator.Build.0 = Debug|Any CPU
		{0C8B2CA5-5A2B-491E-860C-11C60A67F6D5}.Debug|iPhoneSimulator.Deploy.0 = Debug|Any CPU
		{0C8B2CA5-5A2B-491E-860C-11C60A67F6D5}.Debug|x64.ActiveCfg = Debug|Any CPU
		{0C8B2CA5-5A2B-491E-860C-11C60A67F6D5}.Debug|x64.Build.0 = Debug|Any CPU
		{0C8B2CA5-5A2B-491E-860C-11C60A67F6D5}.Debug|x64.Deploy.0 = Debug|Any CPU
		{0C8B2CA5-5A2B-491E-860C-11C60A67F6D5}.Debug|x86.ActiveCfg = Debug|Any CPU
		{0C8B2CA5-5A2B-491E-860C-11C60A67F6D5}.Debug|x86.Build.0 = Debug|Any CPU
		{0C8B2CA5-5A2B-491E-860C-11C60A67F6D5}.Debug|x86.Deploy.0 = Debug|Any CPU
		{0C8B2CA5-5A2B-491E-860C-11C60A67F6D5}.Release|Any CPU.ActiveCfg = Release|Any CPU
		{0C8B2CA5-5A2B-491E-860C-11C60A67F6D5}.Release|Any CPU.Build.0 = Release|Any CPU
		{0C8B2CA5-5A2B-491E-860C-11C60A67F6D5}.Release|Any CPU.Deploy.0 = Release|Any CPU
		{0C8B2CA5-5A2B-491E-860C-11C60A67F6D5}.Release|ARM.ActiveCfg = Release|Any CPU
		{0C8B2CA5-5A2B-491E-860C-11C60A67F6D5}.Release|ARM.Build.0 = Release|Any CPU
		{0C8B2CA5-5A2B-491E-860C-11C60A67F6D5}.Release|ARM.Deploy.0 = Release|Any CPU
		{0C8B2CA5-5A2B-491E-860C-11C60A67F6D5}.Release|iPhone.ActiveCfg = Release|Any CPU
		{0C8B2CA5-5A2B-491E-860C-11C60A67F6D5}.Release|iPhone.Build.0 = Release|Any CPU
		{0C8B2CA5-5A2B-491E-860C-11C60A67F6D5}.Release|iPhone.Deploy.0 = Release|Any CPU
		{0C8B2CA5-5A2B-491E-860C-11C60A67F6D5}.Release|iPhoneSimulator.ActiveCfg = Release|Any CPU
		{0C8B2CA5-5A2B-491E-860C-11C60A67F6D5}.Release|iPhoneSimulator.Build.0 = Release|Any CPU
		{0C8B2CA5-5A2B-491E-860C-11C60A67F6D5}.Release|iPhoneSimulator.Deploy.0 = Release|Any CPU
		{0C8B2CA5-5A2B-491E-860C-11C60A67F6D5}.Release|x64.ActiveCfg = Release|Any CPU
		{0C8B2CA5-5A2B-491E-860C-11C60A67F6D5}.Release|x64.Build.0 = Release|Any CPU
		{0C8B2CA5-5A2B-491E-860C-11C60A67F6D5}.Release|x64.Deploy.0 = Release|Any CPU
		{0C8B2CA5-5A2B-491E-860C-11C60A67F6D5}.Release|x86.ActiveCfg = Release|Any CPU
		{0C8B2CA5-5A2B-491E-860C-11C60A67F6D5}.Release|x86.Build.0 = Release|Any CPU
		{0C8B2CA5-5A2B-491E-860C-11C60A67F6D5}.Release|x86.Deploy.0 = Release|Any CPU
		{5A73419E-99E9-43F1-8BCA-440CFE6EE926}.Debug|Any CPU.ActiveCfg = Debug|iPhoneSimulator
		{5A73419E-99E9-43F1-8BCA-440CFE6EE926}.Debug|Any CPU.Build.0 = Debug|iPhoneSimulator
		{5A73419E-99E9-43F1-8BCA-440CFE6EE926}.Debug|Any CPU.Deploy.0 = Debug|iPhoneSimulator
		{5A73419E-99E9-43F1-8BCA-440CFE6EE926}.Debug|ARM.ActiveCfg = Debug|iPhone
		{5A73419E-99E9-43F1-8BCA-440CFE6EE926}.Debug|ARM.Build.0 = Debug|iPhone
		{5A73419E-99E9-43F1-8BCA-440CFE6EE926}.Debug|ARM.Deploy.0 = Debug|iPhone
		{5A73419E-99E9-43F1-8BCA-440CFE6EE926}.Debug|iPhone.ActiveCfg = Debug|iPhone
		{5A73419E-99E9-43F1-8BCA-440CFE6EE926}.Debug|iPhone.Build.0 = Debug|iPhone
		{5A73419E-99E9-43F1-8BCA-440CFE6EE926}.Debug|iPhone.Deploy.0 = Debug|iPhone
		{5A73419E-99E9-43F1-8BCA-440CFE6EE926}.Debug|iPhoneSimulator.ActiveCfg = Debug|iPhoneSimulator
		{5A73419E-99E9-43F1-8BCA-440CFE6EE926}.Debug|iPhoneSimulator.Build.0 = Debug|iPhoneSimulator
		{5A73419E-99E9-43F1-8BCA-440CFE6EE926}.Debug|iPhoneSimulator.Deploy.0 = Debug|iPhoneSimulator
		{5A73419E-99E9-43F1-8BCA-440CFE6EE926}.Debug|x64.ActiveCfg = Debug|iPhoneSimulator
		{5A73419E-99E9-43F1-8BCA-440CFE6EE926}.Debug|x64.Build.0 = Debug|iPhoneSimulator
		{5A73419E-99E9-43F1-8BCA-440CFE6EE926}.Debug|x64.Deploy.0 = Debug|iPhoneSimulator
		{5A73419E-99E9-43F1-8BCA-440CFE6EE926}.Debug|x86.ActiveCfg = Debug|iPhoneSimulator
		{5A73419E-99E9-43F1-8BCA-440CFE6EE926}.Debug|x86.Build.0 = Debug|iPhoneSimulator
		{5A73419E-99E9-43F1-8BCA-440CFE6EE926}.Debug|x86.Deploy.0 = Debug|iPhoneSimulator
		{5A73419E-99E9-43F1-8BCA-440CFE6EE926}.Release|Any CPU.ActiveCfg = Release|iPhoneSimulator
		{5A73419E-99E9-43F1-8BCA-440CFE6EE926}.Release|Any CPU.Build.0 = Release|iPhoneSimulator
		{5A73419E-99E9-43F1-8BCA-440CFE6EE926}.Release|Any CPU.Deploy.0 = Release|iPhoneSimulator
		{5A73419E-99E9-43F1-8BCA-440CFE6EE926}.Release|ARM.ActiveCfg = Release|iPhoneSimulator
		{5A73419E-99E9-43F1-8BCA-440CFE6EE926}.Release|ARM.Build.0 = Release|iPhoneSimulator
		{5A73419E-99E9-43F1-8BCA-440CFE6EE926}.Release|ARM.Deploy.0 = Release|iPhoneSimulator
		{5A73419E-99E9-43F1-8BCA-440CFE6EE926}.Release|iPhone.ActiveCfg = Release|iPhone
		{5A73419E-99E9-43F1-8BCA-440CFE6EE926}.Release|iPhone.Build.0 = Release|iPhone
		{5A73419E-99E9-43F1-8BCA-440CFE6EE926}.Release|iPhone.Deploy.0 = Release|iPhone
		{5A73419E-99E9-43F1-8BCA-440CFE6EE926}.Release|iPhoneSimulator.ActiveCfg = Release|iPhoneSimulator
		{5A73419E-99E9-43F1-8BCA-440CFE6EE926}.Release|iPhoneSimulator.Build.0 = Release|iPhoneSimulator
		{5A73419E-99E9-43F1-8BCA-440CFE6EE926}.Release|iPhoneSimulator.Deploy.0 = Release|iPhoneSimulator
		{5A73419E-99E9-43F1-8BCA-440CFE6EE926}.Release|x64.ActiveCfg = Release|iPhoneSimulator
		{5A73419E-99E9-43F1-8BCA-440CFE6EE926}.Release|x64.Build.0 = Release|iPhoneSimulator
		{5A73419E-99E9-43F1-8BCA-440CFE6EE926}.Release|x64.Deploy.0 = Release|iPhoneSimulator
		{5A73419E-99E9-43F1-8BCA-440CFE6EE926}.Release|x86.ActiveCfg = Release|iPhoneSimulator
		{5A73419E-99E9-43F1-8BCA-440CFE6EE926}.Release|x86.Build.0 = Release|iPhoneSimulator
		{5A73419E-99E9-43F1-8BCA-440CFE6EE926}.Release|x86.Deploy.0 = Release|iPhoneSimulator
		{75DF9F0A-15C5-407F-8DD3-083E8E1DB49F}.Debug|Any CPU.ActiveCfg = Debug|Any CPU
		{75DF9F0A-15C5-407F-8DD3-083E8E1DB49F}.Debug|Any CPU.Build.0 = Debug|Any CPU
		{75DF9F0A-15C5-407F-8DD3-083E8E1DB49F}.Debug|Any CPU.Deploy.0 = Debug|Any CPU
		{75DF9F0A-15C5-407F-8DD3-083E8E1DB49F}.Debug|ARM.ActiveCfg = Debug|Any CPU
		{75DF9F0A-15C5-407F-8DD3-083E8E1DB49F}.Debug|ARM.Build.0 = Debug|Any CPU
		{75DF9F0A-15C5-407F-8DD3-083E8E1DB49F}.Debug|ARM.Deploy.0 = Debug|Any CPU
		{75DF9F0A-15C5-407F-8DD3-083E8E1DB49F}.Debug|iPhone.ActiveCfg = Debug|Any CPU
		{75DF9F0A-15C5-407F-8DD3-083E8E1DB49F}.Debug|iPhone.Build.0 = Debug|Any CPU
		{75DF9F0A-15C5-407F-8DD3-083E8E1DB49F}.Debug|iPhone.Deploy.0 = Debug|Any CPU
		{75DF9F0A-15C5-407F-8DD3-083E8E1DB49F}.Debug|iPhoneSimulator.ActiveCfg = Debug|Any CPU
		{75DF9F0A-15C5-407F-8DD3-083E8E1DB49F}.Debug|iPhoneSimulator.Build.0 = Debug|Any CPU
		{75DF9F0A-15C5-407F-8DD3-083E8E1DB49F}.Debug|iPhoneSimulator.Deploy.0 = Debug|Any CPU
		{75DF9F0A-15C5-407F-8DD3-083E8E1DB49F}.Debug|x64.ActiveCfg = Debug|Any CPU
		{75DF9F0A-15C5-407F-8DD3-083E8E1DB49F}.Debug|x64.Build.0 = Debug|Any CPU
		{75DF9F0A-15C5-407F-8DD3-083E8E1DB49F}.Debug|x64.Deploy.0 = Debug|Any CPU
		{75DF9F0A-15C5-407F-8DD3-083E8E1DB49F}.Debug|x86.ActiveCfg = Debug|Any CPU
		{75DF9F0A-15C5-407F-8DD3-083E8E1DB49F}.Debug|x86.Build.0 = Debug|Any CPU
		{75DF9F0A-15C5-407F-8DD3-083E8E1DB49F}.Debug|x86.Deploy.0 = Debug|Any CPU
		{75DF9F0A-15C5-407F-8DD3-083E8E1DB49F}.Release|Any CPU.ActiveCfg = Release|Any CPU
		{75DF9F0A-15C5-407F-8DD3-083E8E1DB49F}.Release|Any CPU.Build.0 = Release|Any CPU
		{75DF9F0A-15C5-407F-8DD3-083E8E1DB49F}.Release|Any CPU.Deploy.0 = Release|Any CPU
		{75DF9F0A-15C5-407F-8DD3-083E8E1DB49F}.Release|ARM.ActiveCfg = Release|Any CPU
		{75DF9F0A-15C5-407F-8DD3-083E8E1DB49F}.Release|ARM.Build.0 = Release|Any CPU
		{75DF9F0A-15C5-407F-8DD3-083E8E1DB49F}.Release|ARM.Deploy.0 = Release|Any CPU
		{75DF9F0A-15C5-407F-8DD3-083E8E1DB49F}.Release|iPhone.ActiveCfg = Release|Any CPU
		{75DF9F0A-15C5-407F-8DD3-083E8E1DB49F}.Release|iPhone.Build.0 = Release|Any CPU
		{75DF9F0A-15C5-407F-8DD3-083E8E1DB49F}.Release|iPhone.Deploy.0 = Release|Any CPU
		{75DF9F0A-15C5-407F-8DD3-083E8E1DB49F}.Release|iPhoneSimulator.ActiveCfg = Release|Any CPU
		{75DF9F0A-15C5-407F-8DD3-083E8E1DB49F}.Release|iPhoneSimulator.Build.0 = Release|Any CPU
		{75DF9F0A-15C5-407F-8DD3-083E8E1DB49F}.Release|iPhoneSimulator.Deploy.0 = Release|Any CPU
		{75DF9F0A-15C5-407F-8DD3-083E8E1DB49F}.Release|x64.ActiveCfg = Release|Any CPU
		{75DF9F0A-15C5-407F-8DD3-083E8E1DB49F}.Release|x64.Build.0 = Release|Any CPU
		{75DF9F0A-15C5-407F-8DD3-083E8E1DB49F}.Release|x64.Deploy.0 = Release|Any CPU
		{75DF9F0A-15C5-407F-8DD3-083E8E1DB49F}.Release|x86.ActiveCfg = Release|Any CPU
		{75DF9F0A-15C5-407F-8DD3-083E8E1DB49F}.Release|x86.Build.0 = Release|Any CPU
		{75DF9F0A-15C5-407F-8DD3-083E8E1DB49F}.Release|x86.Deploy.0 = Release|Any CPU
	EndGlobalSection
	GlobalSection(SolutionProperties) = preSolution
		HideSolutionNode = FALSE
	EndGlobalSection
	GlobalSection(ExtensibilityGlobals) = postSolution
		SolutionGuid = {2389F785-14AD-4F63-80F8-D8049C045519}
	EndGlobalSection
EndGlobal
